
Microsoft Visual Studio Solution File, Format Version 12.00
# Visual Studio Version 16
VisualStudioVersion = 16.0.33920.266
MinimumVisualStudioVersion = 10.0.40219.1
Project("{FAE04EC0-301F-11D3-BF4B-00C04F79EFBC}") = "Video Share Project", "Video Share Project\Video Share Project.csproj", "{96150F98-9D49-4197-AA75-B2EB11A07844}"
EndProject
Global
	GlobalSection(SolutionConfigurationPlatforms) = preSolution
		Debug|Any CPU = Debug|Any CPU
		Release|Any CPU = Release|Any CPU
	EndGlobalSection
	GlobalSection(ProjectConfigurationPlatforms) = postSolution
		{96150F98-9D49-4197-AA75-B2EB11A07844}.Debug|Any CPU.ActiveCfg = Debug|Any CPU
		{96150F98-9D49-4197-AA75-B2EB11A07844}.Debug|Any CPU.Build.0 = Debug|Any CPU
		{96150F98-9D49-4197-AA75-B2EB11A07844}.Release|Any CPU.ActiveCfg = Release|Any CPU
		{96150F98-9D49-4197-AA75-B2EB11A07844}.Release|Any CPU.Build.0 = Release|Any CPU
	EndGlobalSection
	GlobalSection(SolutionProperties) = preSolution
		HideSolutionNode = FALSE
	EndGlobalSection
	GlobalSection(ExtensibilityGlobals) = postSolution
		SolutionGuid = {BAF45C7F-6D16-402C-A18C-4F85C1E4A756}
	EndGlobalSection
EndGlobal
